
Microsoft Visual Studio Solution File, Format Version 12.00
# Visual Studio Version 17
VisualStudioVersion = 17.11.35222.181
MinimumVisualStudioVersion = 10.0.40219.1
Project("{9A19103F-16F7-4668-BE54-9A1E7A4F7556}") = "RazorpayClientCore", "RazorpayClientCore.csproj", "{F9FCEF46-6200-4334-9BAE-60C3156C0EEF}"
EndProject
Global
	GlobalSection(SolutionConfigurationPlatforms) = preSolution
		Debug|Any CPU = Debug|Any CPU
		Release|Any CPU = Release|Any CPU
	EndGlobalSection
	GlobalSection(ProjectConfigurationPlatforms) = postSolution
		{F9FCEF46-6200-4334-9BAE-60C3156C0EEF}.Debug|Any CPU.ActiveCfg = Debug|Any CPU
		{F9FCEF46-6200-4334-9BAE-60C3156C0EEF}.Debug|Any CPU.Build.0 = Debug|Any CPU
		{F9FCEF46-6200-4334-9BAE-60C3156C0EEF}.Release|Any CPU.ActiveCfg = Release|Any CPU
		{F9FCEF46-6200-4334-9BAE-60C3156C0EEF}.Release|Any CPU.Build.0 = Release|Any CPU
	EndGlobalSection
	GlobalSection(SolutionProperties) = preSolution
		HideSolutionNode = FALSE
	EndGlobalSection
	GlobalSection(ExtensibilityGlobals) = postSolution
		SolutionGuid = {60608610-6D67-420A-8A5A-8713FC717549}
	EndGlobalSection
EndGlobal
